<?xml version="1.0" encoding="utf-8"?>
<Project ToolsVersion="4.0" xmlns="http://schemas.microsoft.com/developer/msbuild/2003">
  <ItemGroup>
    <Filter Include="Fichiers sources">
      <UniqueIdentifier>{4FC737F1-C7A5-4376-A066-2A32D752A2FF}</UniqueIdentifier>
      <Extensions>cpp;c;cc;cxx;def;odl;idl;hpj;bat;asm;asmx</Extensions>
    </Filter>
    <Filter Include="Fichiers d%27en-tête">
      <UniqueIdentifier>{93995380-89BD-4b04-88EB-625FBE52EBFB}</UniqueIdentifier>
      <Extensions>h;hh;hpp;hxx;hm;inl;inc;xsd</Extensions>
    </Filter>
    <Filter Include="Fichiers de ressources">
      <UniqueIdentifier>{67DA6AB6-F800-4c08-8B7A-83BB121AAD01}</UniqueIdentifier>
      <Extensions>rc;ico;cur;bmp;dlg;rc2;rct;bin;rgs;gif;jpg;jpeg;jpe;resx;tiff;tif;png;wav;mfcribbon-ms</Extensions>
    </Filter>
    <Filter Include="Fichiers d%27en-tête\GameData">
      <UniqueIdentifier>{fcda0e1f-f79d-47f3-abf2-b77d5422072e}</UniqueIdentifier>
    </Filter>
    <Filter Include="Fichiers sources\GameData">
      <UniqueIdentifier>{6848ef65-93a1-4ba6-a46e-cff7c5700b44}</UniqueIdentifier>
    </Filter>
    <Filter Include="Fichiers d%27en-tête\OtherLibs">
      <UniqueIdentifier>{c7b81f09-3a51-4f45-a877-2556adb8d196}</UniqueIdentifier>
    </Filter>
    <Filter Include="Fichiers d%27en-tête\FileSerialization">
      <UniqueIdentifier>{245d18d0-0572-4741-bb5e-54b7da1f2b9d}</UniqueIdentifier>
    </Filter>
    <Filter Include="Fichiers sources\FileSerialization">
      <UniqueIdentifier>{03abafb1-639c-45ee-b502-4c40e3eb9d06}</UniqueIdentifier>
    </Filter>
    <Filter Include="Fichiers d%27en-tête\GameData\ObjectValues">
      <UniqueIdentifier>{712f865e-5681-45b7-8eec-189c5de9dbd5}</UniqueIdentifier>
    </Filter>
    <Filter Include="Fichiers sources\GameData\ObjectValues">
      <UniqueIdentifier>{04271e41-2da3-45c7-8722-ba9e613027e1}</UniqueIdentifier>
    </Filter>
  </ItemGroup>
  <ItemGroup>
    <ClInclude Include="..\Include\Prerequistes.h">
      <Filter>Fichiers d%27en-tête</Filter>
    </ClInclude>
    <ClInclude Include="..\Include\Config.h">
      <Filter>Fichiers d%27en-tête</Filter>
    </ClInclude>
    <ClInclude Include="..\Include\OtherLibs\Json.hpp">
      <Filter>Fichiers d%27en-tête\OtherLibs</Filter>
    </ClInclude>
    <ClInclude Include="..\Include\FileSerialization\Serializable.hpp">
      <Filter>Fichiers d%27en-tête\FileSerialization</Filter>
    </ClInclude>
    <ClInclude Include="..\Include\GameData\AnimationData.hpp">
      <Filter>Fichiers d%27en-tête\GameData</Filter>
    </ClInclude>
    <ClInclude Include="..\Include\GameData\FrameData.hpp">
      <Filter>Fichiers d%27en-tête\GameData</Filter>
    </ClInclude>
    <ClInclude Include="..\Include\GameData\AnimatorData.hpp">
      <Filter>Fichiers d%27en-tête\GameData</Filter>
    </ClInclude>
    <ClInclude Include="..\Include\Matrix.hpp">
      <Filter>Fichiers d%27en-tête</Filter>
    </ClInclude>
    <ClInclude Include="..\Include\GameData\TileInfo.hpp">
      <Filter>Fichiers d%27en-tête\GameData</Filter>
    </ClInclude>
    <ClInclude Include="..\Include\GameData\GameData.hpp">
      <Filter>Fichiers d%27en-tête\GameData</Filter>
    </ClInclude>
    <ClInclude Include="..\Include\GameData\DataLibrary.hpp">
      <Filter>Fichiers d%27en-tête\GameData</Filter>
    </ClInclude>
    <ClInclude Include="..\Include\EnumIterator.h">
      <Filter>Fichiers d%27en-tête</Filter>
    </ClInclude>
    <ClInclude Include="..\Include\GameData\TilemapData.hpp">
      <Filter>Fichiers d%27en-tête\GameData</Filter>
    </ClInclude>
    <ClInclude Include="..\Include\GameData\DataLibrary.inl">
      <Filter>Fichiers d%27en-tête\GameData</Filter>
    </ClInclude>
    <ClInclude Include="..\Include\GameData\GameData.inl">
      <Filter>Fichiers d%27en-tête\GameData</Filter>
    </ClInclude>
    <ClInclude Include="..\Include\FileSerialization\FileOperations.hpp">
      <Filter>Fichiers d%27en-tête\FileSerialization</Filter>
    </ClInclude>
    <ClInclude Include="..\Include\GameData\ObjectData.hpp">
      <Filter>Fichiers d%27en-tête\GameData</Filter>
    </ClInclude>
    <ClInclude Include="..\Include\GameData\TextureData.hpp">
      <Filter>Fichiers d%27en-tête\GameData</Filter>
    </ClInclude>
    <ClInclude Include="..\Include\GameData\ObjectPropertyData.hpp">
      <Filter>Fichiers d%27en-tête\GameData</Filter>
    </ClInclude>
    <ClInclude Include="..\Include\GameData\ObjectValues\ObjectValueBase.hpp">
      <Filter>Fichiers d%27en-tête\GameData\ObjectValues</Filter>
    </ClInclude>
  </ItemGroup>
  <ItemGroup>
    <ClCompile Include="..\Source\GameData\GameData.cpp">
      <Filter>Fichiers sources\GameData</Filter>
    </ClCompile>
    <ClCompile Include="..\Source\GameData\AnimationData.cpp">
      <Filter>Fichiers sources\GameData</Filter>
    </ClCompile>
    <ClCompile Include="..\Source\GameData\FrameData.cpp">
      <Filter>Fichiers sources\GameData</Filter>
    </ClCompile>
    <ClCompile Include="..\Source\GameData\AnimatorData.cpp">
      <Filter>Fichiers sources\GameData</Filter>
    </ClCompile>
    <ClCompile Include="..\Source\GameData\TileInfo.cpp">
      <Filter>Fichiers sources\GameData</Filter>
    </ClCompile>
    <ClCompile Include="..\Source\GameData\TilemapData.cpp">
      <Filter>Fichiers sources\GameData</Filter>
    </ClCompile>
    <ClCompile Include="..\Source\FileSerialization\FileOperations.cpp">
      <Filter>Fichiers sources\FileSerialization</Filter>
    </ClCompile>
    <ClCompile Include="..\Source\GameData\ObjectData.cpp">
      <Filter>Fichiers sources\GameData</Filter>
    </ClCompile>
    <ClCompile Include="..\Source\GameData\ObjectPropertyData.cpp">
      <Filter>Fichiers sources\GameData</Filter>
    </ClCompile>
    <ClCompile Include="..\Source\GameData\ObjectValues\ObjectValueBase.cpp">
      <Filter>Fichiers sources\GameData\ObjectValues</Filter>
    </ClCompile>
  </ItemGroup>
</Project>